
Microsoft Visual Studio Solution File, Format Version 12.00
# Visual Studio Version 16
VisualStudioVersion = 16.0.29324.140
MinimumVisualStudioVersion = 10.0.40219.1
Project("{FAE04EC0-301F-11D3-BF4B-00C04F79EFBC}") = "TPL_Lib", "TPL_Lib\TPL_Lib.csproj", "{74D58308-8CB7-409B-A3A9-B502853117F0}"
EndProject
Project("{FAE04EC0-301F-11D3-BF4B-00C04F79EFBC}") = "TPL_Console_Test", "TPL_Console_Test\TPL_Console_Test.csproj", "{D7FE8B75-7311-45B8-B9A7-894B71AE8795}"
EndProject
Project("{FAE04EC0-301F-11D3-BF4B-00C04F79EFBC}") = "Tpl", "Tpl\Tpl.csproj", "{83ACACEB-1115-4DD9-8C04-66416E93CAC5}"
EndProject
Global
	GlobalSection(SolutionConfigurationPlatforms) = preSolution
		Debug|Any CPU = Debug|Any CPU
		Release|Any CPU = Release|Any CPU
	EndGlobalSection
	GlobalSection(ProjectConfigurationPlatforms) = postSolution
		{74D58308-8CB7-409B-A3A9-B502853117F0}.Debug|Any CPU.ActiveCfg = Debug|Any CPU
		{74D58308-8CB7-409B-A3A9-B502853117F0}.Debug|Any CPU.Build.0 = Debug|Any CPU
		{74D58308-8CB7-409B-A3A9-B502853117F0}.Release|Any CPU.ActiveCfg = Release|Any CPU
		{74D58308-8CB7-409B-A3A9-B502853117F0}.Release|Any CPU.Build.0 = Release|Any CPU
		{D7FE8B75-7311-45B8-B9A7-894B71AE8795}.Debug|Any CPU.ActiveCfg = Debug|Any CPU
		{D7FE8B75-7311-45B8-B9A7-894B71AE8795}.Debug|Any CPU.Build.0 = Debug|Any CPU
		{D7FE8B75-7311-45B8-B9A7-894B71AE8795}.Release|Any CPU.ActiveCfg = Release|Any CPU
		{D7FE8B75-7311-45B8-B9A7-894B71AE8795}.Release|Any CPU.Build.0 = Release|Any CPU
		{83ACACEB-1115-4DD9-8C04-66416E93CAC5}.Debug|Any CPU.ActiveCfg = Debug|Any CPU
		{83ACACEB-1115-4DD9-8C04-66416E93CAC5}.Debug|Any CPU.Build.0 = Debug|Any CPU
		{83ACACEB-1115-4DD9-8C04-66416E93CAC5}.Release|Any CPU.ActiveCfg = Release|Any CPU
		{83ACACEB-1115-4DD9-8C04-66416E93CAC5}.Release|Any CPU.Build.0 = Release|Any CPU
	EndGlobalSection
	GlobalSection(SolutionProperties) = preSolution
		HideSolutionNode = FALSE
	EndGlobalSection
	GlobalSection(ExtensibilityGlobals) = postSolution
		SolutionGuid = {65C8031A-A26D-4037-8A2B-FF3543FD2BCA}
	EndGlobalSection
EndGlobal
